
Microsoft Visual Studio Solution File, Format Version 12.00
# Visual Studio Version 17
VisualStudioVersion = 17.7.34202.233
MinimumVisualStudioVersion = 10.0.40219.1
Project("{FAE04EC0-301F-11D3-BF4B-00C04F79EFBC}") = "С# app3 WPF", "С# app3 WPF\С# app3 WPF.csproj", "{90FF4DE4-AB7D-490F-A55C-8887FE1D7387}"
EndProject
Global
	GlobalSection(SolutionConfigurationPlatforms) = preSolution
		Debug|Any CPU = Debug|Any CPU
		Release|Any CPU = Release|Any CPU
	EndGlobalSection
	GlobalSection(ProjectConfigurationPlatforms) = postSolution
		{90FF4DE4-AB7D-490F-A55C-8887FE1D7387}.Debug|Any CPU.ActiveCfg = Debug|Any CPU
		{90FF4DE4-AB7D-490F-A55C-8887FE1D7387}.Debug|Any CPU.Build.0 = Debug|Any CPU
		{90FF4DE4-AB7D-490F-A55C-8887FE1D7387}.Release|Any CPU.ActiveCfg = Release|Any CPU
		{90FF4DE4-AB7D-490F-A55C-8887FE1D7387}.Release|Any CPU.Build.0 = Release|Any CPU
	EndGlobalSection
	GlobalSection(SolutionProperties) = preSolution
		HideSolutionNode = FALSE
	EndGlobalSection
	GlobalSection(ExtensibilityGlobals) = postSolution
		SolutionGuid = {A8DB4B45-0867-44A5-B6B2-A498AA3AAB85}
	EndGlobalSection
EndGlobal
